<Solution>
  <Folder Name="/.docs/">
    <File Path="README.md" />
  </Folder>
  <Folder Name="/.github/">
    <File Path=".github/workflows/build.yml" />
    <File Path=".github/workflows/publish.yml" />
  </Folder>
  <Folder Name="/src/">
    <Project Path="Wrak.Extensions/Wrak.Extensions.csproj" />
  </Folder>
  <Folder Name="/tests/">
    <Project Path="Wrak.Extensions.Tests/Wrak.Extensions.Tests.csproj" />
  </Folder>
</Solution>
